hash: 89ed886b53ef57b5daddc7e73be59a62940f8497cdea63cad01bcce78c346104
updated: 2018-02-08T09:26:50.17944-05:00
imports:
- name: github.com/andybalholm/cascadia
  version: 349dd0209470eabd9514242c688c403c0926d266
- name: github.com/aws/aws-sdk-go
  version: 04519f0a17774a66d752df001193954784d6e7dc
  subpackages:
  - aws
  - aws/awserr
  - aws/awsutil
  - aws/client
  - aws/client/metadata
  - aws/corehandlers
  - aws/credentials
  - aws/credentials/ec2rolecreds
  - aws/credentials/endpointcreds
  - aws/credentials/stscreds
  - aws/defaults
  - aws/ec2metadata
  - aws/endpoints
  - aws/request
  - aws/session
  - aws/signer/v4
  - internal/shareddefaults
  - private/protocol
  - private/protocol/query
  - private/protocol/query/queryutil
  - private/protocol/rest
  - private/protocol/xml/xmlutil
  - service/sts
- name: github.com/go-ini/ini
  version: 32e4c1e6bc4e7d0d8451aa6b75200d19e37a536a
- name: github.com/havoc-io/go-keytar
  version: ebbe6b14d2cc43be32d2aeb3b2b7cba947eb0bec
- name: github.com/jessevdk/go-flags
  version: f88afde2fa19a30cf50ba4b05b3d13bc6bae3079
- name: github.com/jmespath/go-jmespath
  version: c2b33e8439af944379acbdd9c3a5fe0bc44bd8a5
- name: github.com/peterh/liner
  version: 3681c2a912330352991ecdd642f257efe5b85518
- name: github.com/PuerkitoBio/goquery
  version: 09540e565986583836b5fc792fe951ec5fd201dd
- name: github.com/visionmedia/go-debug
  version: bfacf9d8a444b50f5d7ae47727544e775486966f
- name: golang.org/x/net
  version: f5dfe339be1d06f81b22525fe34671ee7d2c8904
  subpackages:
  - html
  - html/atom
testImports: []
